// !$*UTF8*$!
{
	archiveVersion = 1;
	classes = {
	};
	objectVersion = 46;
	objects = {

/* Begin PBXBuildFile section */
		D7296F991F78C1EB00D545CF /* AppDelegate.swift in Sources */ = {isa = PBXBuildFile; fileRef = D7296F981F78C1EB00D545CF /* AppDelegate.swift */; };
		D7296F9B1F78C1EB00D545CF /* ViewController.swift in Sources */ = {isa = PBXBuildFile; fileRef = D7296F9A1F78C1EB00D545CF /* ViewController.swift */; };
		D7296F9E1F78C1EB00D545CF /* Main.storyboard in Resources */ = {isa = PBXBuildFile; fileRef = D7296F9C1F78C1EB00D545CF /* Main.storyboard */; };
		D7296FA01F78C1EB00D545CF /* Assets.xcassets in Resources */ = {isa = PBXBuildFile; fileRef = D7296F9F1F78C1EB00D545CF /* Assets.xcassets */; };
		D7296FA31F78C1EB00D545CF /* LaunchScreen.storyboard in Resources */ = {isa = PBXBuildFile; fileRef = D7296FA11F78C1EB00D545CF /* LaunchScreen.storyboard */; };
		D7296FAE1F78C1EB00D545CF /* badgeup_ios_clientTests.swift in Sources */ = {isa = PBXBuildFile; fileRef = D7296FAD1F78C1EB00D545CF /* badgeup_ios_clientTests.swift */; };
		D7296FB91F78C1EB00D545CF /* badgeup_ios_clientUITests.swift in Sources */ = {isa = PBXBuildFile; fileRef = D7296FB81F78C1EB00D545CF /* badgeup_ios_clientUITests.swift */; };
/* End PBXBuildFile section */

/* Begin PBXContainerItemProxy section */
		D7296FAA1F78C1EB00D545CF /* PBXContainerItemProxy */ = {
			isa = PBXContainerItemProxy;
			containerPortal = D7296F8D1F78C1EB00D545CF /* Project object */;
			proxyType = 1;
			remoteGlobalIDString = D7296F941F78C1EB00D545CF;
			remoteInfo = "badgeup-ios-client";
		};
		D7296FB51F78C1EB00D545CF /* PBXContainerItemProxy */ = {
			isa = PBXContainerItemProxy;
			containerPortal = D7296F8D1F78C1EB00D545CF /* Project object */;
			proxyType = 1;
			remoteGlobalIDString = D7296F941F78C1EB00D545CF;
			remoteInfo = "badgeup-ios-client";
		};
/* End PBXContainerItemProxy section */

/* Begin PBXFileReference section */
		D7296F951F78C1EB00D545CF /* badgeup-ios-client.app */ = {isa = PBXFileReference; explicitFileType = wrapper.application; includeInIndex = 0; path = "badgeup-ios-client.app"; sourceTree = BUILT_PRODUCTS_DIR; };
		D7296F981F78C1EB00D545CF /* AppDelegate.swift */ = {isa = PBXFileReference; lastKnownFileType = sourcecode.swift; path = AppDelegate.swift; sourceTree = "<group>"; };
		D7296F9A1F78C1EB00D545CF /* ViewController.swift */ = {isa = PBXFileReference; lastKnownFileType = sourcecode.swift; path = ViewController.swift; sourceTree = "<group>"; };
		D7296F9D1F78C1EB00D545CF /* Base */ = {isa = PBXFileReference; lastKnownFileType = file.storyboard; name = Base; path = Base.lproj/Main.storyboard; sourceTree = "<group>"; };
		D7296F9F1F78C1EB00D545CF /* Assets.xcassets */ = {isa = PBXFileReference; lastKnownFileType = folder.assetcatalog; path = Assets.xcassets; sourceTree = "<group>"; };
		D7296FA21F78C1EB00D545CF /* Base */ = {isa = PBXFileReference; lastKnownFileType = file.storyboard; name = Base; path = Base.lproj/LaunchScreen.storyboard; sourceTree = "<group>"; };
		D7296FA41F78C1EB00D545CF /* Info.plist */ = {isa = PBXFileReference; lastKnownFileType = text.plist.xml; path = Info.plist; sourceTree = "<group>"; };
		D7296FA91F78C1EB00D545CF /* badgeup-ios-clientTests.xctest */ = {isa = PBXFileReference; explicitFileType = wrapper.cfbundle; includeInIndex = 0; path = "badgeup-ios-clientTests.xctest"; sourceTree = BUILT_PRODUCTS_DIR; };
		D7296FAD1F78C1EB00D545CF /* badgeup_ios_clientTests.swift */ = {isa = PBXFileReference; lastKnownFileType = sourcecode.swift; path = badgeup_ios_clientTests.swift; sourceTree = "<group>"; };
		D7296FAF1F78C1EB00D545CF /* Info.plist */ = {isa = PBXFileReference; lastKnownFileType = text.plist.xml; path = Info.plist; sourceTree = "<group>"; };
		D7296FB41F78C1EB00D545CF /* badgeup-ios-clientUITests.xctest */ = {isa = PBXFileReference; explicitFileType = wrapper.cfbundle; includeInIndex = 0; path = "badgeup-ios-clientUITests.xctest"; sourceTree = BUILT_PRODUCTS_DIR; };
		D7296FB81F78C1EB00D545CF /* badgeup_ios_clientUITests.swift */ = {isa = PBXFileReference; lastKnownFileType = sourcecode.swift; path = badgeup_ios_clientUITests.swift; sourceTree = "<group>"; };
		D7296FBA1F78C1EB00D545CF /* Info.plist */ = {isa = PBXFileReference; lastKnownFileType = text.plist.xml; path = Info.plist; sourceTree = "<group>"; };
/* End PBXFileReference section */

/* Begin PBXFrameworksBuildPhase section */
		D7296F921F78C1EB00D545CF /* Frameworks */ = {
			isa = PBXFrameworksBuildPhase;
			buildActionMask = 2147483647;
			files = (
			);
			runOnlyForDeploymentPostprocessing = 0;
		};
		D7296FA61F78C1EB00D545CF /* Frameworks */ = {
			isa = PBXFrameworksBuildPhase;
			buildActionMask = 2147483647;
			files = (
			);
			runOnlyForDeploymentPostprocessing = 0;
		};
		D7296FB11F78C1EB00D545CF /* Frameworks */ = {
			isa = PBXFrameworksBuildPhase;
			buildActionMask = 2147483647;
			files = (
			);
			runOnlyForDeploymentPostprocessing = 0;
		};
/* End PBXFrameworksBuildPhase section */

/* Begin PBXGroup section */
		D7296F8C1F78C1EB00D545CF = {
			isa = PBXGroup;
			children = (
				D7296F971F78C1EB00D545CF /* badgeup-ios-client */,
				D7296FAC1F78C1EB00D545CF /* badgeup-ios-clientTests */,
				D7296FB71F78C1EB00D545CF /* badgeup-ios-clientUITests */,
				D7296F961F78C1EB00D545CF /* Products */,
			);
			sourceTree = "<group>";
		};
		D7296F961F78C1EB00D545CF /* Products */ = {
			isa = PBXGroup;
			children = (
				D7296F951F78C1EB00D545CF /* badgeup-ios-client.app */,
				D7296FA91F78C1EB00D545CF /* badgeup-ios-clientTests.xctest */,
				D7296FB41F78C1EB00D545CF /* badgeup-ios-clientUITests.xctest */,
			);
			name = Products;
			sourceTree = "<group>";
		};
		D7296F971F78C1EB00D545CF /* badgeup-ios-client */ = {
			isa = PBXGroup;
			children = (
				D7296F981F78C1EB00D545CF /* AppDelegate.swift */,
				D7296F9A1F78C1EB00D545CF /* ViewController.swift */,
				D7296F9C1F78C1EB00D545CF /* Main.storyboard */,
				D7296F9F1F78C1EB00D545CF /* Assets.xcassets */,
				D7296FA11F78C1EB00D545CF /* LaunchScreen.storyboard */,
				D7296FA41F78C1EB00D545CF /* Info.plist */,
			);
			path = "badgeup-ios-client";
			sourceTree = "<group>";
		};
		D7296FAC1F78C1EB00D545CF /* badgeup-ios-clientTests */ = {
			isa = PBXGroup;
			children = (
				D7296FAD1F78C1EB00D545CF /* badgeup_ios_clientTests.swift */,
				D7296FAF1F78C1EB00D545CF /* Info.plist */,
			);
			path = "badgeup-ios-clientTests";
			sourceTree = "<group>";
		};
		D7296FB71F78C1EB00D545CF /* badgeup-ios-clientUITests */ = {
			isa = PBXGroup;
			children = (
				D7296FB81F78C1EB00D545CF /* badgeup_ios_clientUITests.swift */,
				D7296FBA1F78C1EB00D545CF /* Info.plist */,
			);
			path = "badgeup-ios-clientUITests";
			sourceTree = "<group>";
		};
/* End PBXGroup section */

/* Begin PBXNativeTarget section */
		D7296F941F78C1EB00D545CF /* badgeup-ios-client */ = {
			isa = PBXNativeTarget;
			buildConfigurationList = D7296FBD1F78C1EB00D545CF /* Build configuration list for PBXNativeTarget "badgeup-ios-client" */;
			buildPhases = (
				D7296F911F78C1EB00D545CF /* Sources */,
				D7296F921F78C1EB00D545CF /* Frameworks */,
				D7296F931F78C1EB00D545CF /* Resources */,
			);
			buildRules = (
			);
			dependencies = (
			);
			name = "badgeup-ios-client";
			productName = "badgeup-ios-client";
			productReference = D7296F951F78C1EB00D545CF /* badgeup-ios-client.app */;
			productType = "com.apple.product-type.application";
		};
		D7296FA81F78C1EB00D545CF /* badgeup-ios-clientTests */ = {
			isa = PBXNativeTarget;
			buildConfigurationList = D7296FC01F78C1EB00D545CF /* Build configuration list for PBXNativeTarget "badgeup-ios-clientTests" */;
			buildPhases = (
				D7296FA51F78C1EB00D545CF /* Sources */,
				D7296FA61F78C1EB00D545CF /* Frameworks */,
				D7296FA71F78C1EB00D545CF /* Resources */,
			);
			buildRules = (
			);
			dependencies = (
				D7296FAB1F78C1EB00D545CF /* PBXTargetDependency */,
			);
			name = "badgeup-ios-clientTests";
			productName = "badgeup-ios-clientTests";
			productReference = D7296FA91F78C1EB00D545CF /* badgeup-ios-clientTests.xctest */;
			productType = "com.apple.product-type.bundle.unit-test";
		};
		D7296FB31F78C1EB00D545CF /* badgeup-ios-clientUITests */ = {
			isa = PBXNativeTarget;
			buildConfigurationList = D7296FC31F78C1EB00D545CF /* Build configuration list for PBXNativeTarget "badgeup-ios-clientUITests" */;
			buildPhases = (
				D7296FB01F78C1EB00D545CF /* Sources */,
				D7296FB11F78C1EB00D545CF /* Frameworks */,
				D7296FB21F78C1EB00D545CF /* Resources */,
			);
			buildRules = (
			);
			dependencies = (
				D7296FB61F78C1EB00D545CF /* PBXTargetDependency */,
			);
			name = "badgeup-ios-clientUITests";
			productName = "badgeup-ios-clientUITests";
			productReference = D7296FB41F78C1EB00D545CF /* badgeup-ios-clientUITests.xctest */;
			productType = "com.apple.product-type.bundle.ui-testing";
		};
/* End PBXNativeTarget section */

/* Begin PBXProject section */
		D7296F8D1F78C1EB00D545CF /* Project object */ = {
			isa = PBXProject;
			attributes = {
				LastSwiftUpdateCheck = 0830;
				LastUpgradeCheck = 0830;
				ORGANIZATIONNAME = dev;
				TargetAttributes = {
					D7296F941F78C1EB00D545CF = {
						CreatedOnToolsVersion = 8.3.3;
						ProvisioningStyle = Automatic;
					};
					D7296FA81F78C1EB00D545CF = {
						CreatedOnToolsVersion = 8.3.3;
						ProvisioningStyle = Automatic;
						TestTargetID = D7296F941F78C1EB00D545CF;
					};
					D7296FB31F78C1EB00D545CF = {
						CreatedOnToolsVersion = 8.3.3;
						ProvisioningStyle = Automatic;
						TestTargetID = D7296F941F78C1EB00D545CF;
					};
				};
			};
			buildConfigurationList = D7296F901F78C1EB00D545CF /* Build configuration list for PBXProject "badgeup-ios-client" */;
			compatibilityVersion = "Xcode 3.2";
			developmentRegion = English;
			hasScannedForEncodings = 0;
			knownRegions = (
				en,
				Base,
			);
			mainGroup = D7296F8C1F78C1EB00D545CF;
			productRefGroup = D7296F961F78C1EB00D545CF /* Products */;
			projectDirPath = "";
			projectRoot = "";
			targets = (
				D7296F941F78C1EB00D545CF /* badgeup-ios-client */,
				D7296FA81F78C1EB00D545CF /* badgeup-ios-clientTests */,
				D7296FB31F78C1EB00D545CF /* badgeup-ios-clientUITests */,
			);
		};
/* End PBXProject section */

/* Begin PBXResourcesBuildPhase section */
		D7296F931F78C1EB00D545CF /* Resources */ = {
			isa = PBXResourcesBuildPhase;
			buildActionMask = 2147483647;
			files = (
				D7296FA31F78C1EB00D545CF /* LaunchScreen.storyboard in Resources */,
				D7296FA01F78C1EB00D545CF /* Assets.xcassets in Resources */,
				D7296F9E1F78C1EB00D545CF /* Main.storyboard in Resources */,
			);
			runOnlyForDeploymentPostprocessing = 0;
		};
		D7296FA71F78C1EB00D545CF /* Resources */ = {
			isa = PBXResourcesBuildPhase;
			buildActionMask = 2147483647;
			files = (
			);
			runOnlyForDeploymentPostprocessing = 0;
		};
		D7296FB21F78C1EB00D545CF /* Resources */ = {
			isa = PBXResourcesBuildPhase;
			buildActionMask = 2147483647;
			files = (
			);
			runOnlyForDeploymentPostprocessing = 0;
		};
/* End PBXResourcesBuildPhase section */

/* Begin PBXSourcesBuildPhase section */
		D7296F911F78C1EB00D545CF /* Sources */ = {
			isa = PBXSourcesBuildPhase;
			buildActionMask = 2147483647;
			files = (
				D7296F9B1F78C1EB00D545CF /* ViewController.swift in Sources */,
				D7296F991F78C1EB00D545CF /* AppDelegate.swift in Sources */,
			);
			runOnlyForDeploymentPostprocessing = 0;
		};
		D7296FA51F78C1EB00D545CF /* Sources */ = {
			isa = PBXSourcesBuildPhase;
			buildActionMask = 2147483647;
			files = (
				D7296FAE1F78C1EB00D545CF /* badgeup_ios_clientTests.swift in Sources */,
			);
			runOnlyForDeploymentPostprocessing = 0;
		};
		D7296FB01F78C1EB00D545CF /* Sources */ = {
			isa = PBXSourcesBuildPhase;
			buildActionMask = 2147483647;
			files = (
				D7296FB91F78C1EB00D545CF /* badgeup_ios_clientUITests.swift in Sources */,
			);
			runOnlyForDeploymentPostprocessing = 0;
		};
/* End PBXSourcesBuildPhase section */

/* Begin PBXTargetDependency section */
		D7296FAB1F78C1EB00D545CF /* PBXTargetDependency */ = {
			isa = PBXTargetDependency;
			target = D7296F941F78C1EB00D545CF /* badgeup-ios-client */;
			targetProxy = D7296FAA1F78C1EB00D545CF /* PBXContainerItemProxy */;
		};
		D7296FB61F78C1EB00D545CF /* PBXTargetDependency */ = {
			isa = PBXTargetDependency;
			target = D7296F941F78C1EB00D545CF /* badgeup-ios-client */;
			targetProxy = D7296FB51F78C1EB00D545CF /* PBXContainerItemProxy */;
		};
/* End PBXTargetDependency section */

/* Begin PBXVariantGroup section */
		D7296F9C1F78C1EB00D545CF /* Main.storyboard */ = {
			isa = PBXVariantGroup;
			children = (
				D7296F9D1F78C1EB00D545CF /* Base */,
			);
			name = Main.storyboard;
			sourceTree = "<group>";
		};
		D7296FA11F78C1EB00D545CF /* LaunchScreen.storyboard */ = {
			isa = PBXVariantGroup;
			children = (
				D7296FA21F78C1EB00D545CF /* Base */,
			);
			name = LaunchScreen.storyboard;
			sourceTree = "<group>";
		};
/* End PBXVariantGroup section */

/* Begin XCBuildConfiguration section */
		D7296FBB1F78C1EB00D545CF /* Debug */ = {
			isa = XCBuildConfiguration;
			buildSettings = {
				ALWAYS_SEARCH_USER_PATHS = NO;
				CLANG_ANALYZER_NONNULL = YES;
				CLANG_ANALYZER_NUMBER_OBJECT_CONVERSION = YES_AGGRESSIVE;
				CLANG_CXX_LANGUAGE_STANDARD = "gnu++0x";
				CLANG_CXX_LIBRARY = "libc++";
				CLANG_ENABLE_MODULES = YES;
				CLANG_ENABLE_OBJC_ARC = YES;
				CLANG_WARN_BOOL_CONVERSION = YES;
				CLANG_WARN_CONSTANT_CONVERSION = YES;
				CLANG_WARN_DIRECT_OBJC_ISA_USAGE = YES_ERROR;
				CLANG_WARN_DOCUMENTATION_COMMENTS = YES;
				CLANG_WARN_EMPTY_BODY = YES;
				CLANG_WARN_ENUM_CONVERSION = YES;
				CLANG_WARN_INFINITE_RECURSION = YES;
				CLANG_WARN_INT_CONVERSION = YES;
				CLANG_WARN_OBJC_ROOT_CLASS = YES_ERROR;
				CLANG_WARN_SUSPICIOUS_MOVE = YES;
				CLANG_WARN_UNREACHABLE_CODE = YES;
				CLANG_WARN__DUPLICATE_METHOD_MATCH = YES;
				"CODE_SIGN_IDENTITY[sdk=iphoneos*]" = "iPhone Developer";
				COPY_PHASE_STRIP = NO;
				DEBUG_INFORMATION_FORMAT = dwarf;
				ENABLE_STRICT_OBJC_MSGSEND = YES;
				ENABLE_TESTABILITY = YES;
				GCC_C_LANGUAGE_STANDARD = gnu99;
				GCC_DYNAMIC_NO_PIC = NO;
				GCC_NO_COMMON_BLOCKS = YES;
				GCC_OPTIMIZATION_LEVEL = 0;
				GCC_PREPROCESSOR_DEFINITIONS = (
					"DEBUG=1",
					"$(inherited)",
				);
				GCC_WARN_64_TO_32_BIT_CONVERSION = YES;
				GCC_WARN_ABOUT_RETURN_TYPE = YES_ERROR;
				GCC_WARN_UNDECLARED_SELECTOR = YES;
				GCC_WARN_UNINITIALIZED_AUTOS = YES_AGGRESSIVE;
				GCC_WARN_UNUSED_FUNCTION = YES;
				GCC_WARN_UNUSED_VARIABLE = YES;
				IPHONEOS_DEPLOYMENT_TARGET = 10.3;
				MTL_ENABLE_DEBUG_INFO = YES;
				ONLY_ACTIVE_ARCH = YES;
				SDKROOT = iphoneos;
				SWIFT_ACTIVE_COMPILATION_CONDITIONS = DEBUG;
				SWIFT_OPTIMIZATION_LEVEL = "-Onone";
				TARGETED_DEVICE_FAMILY = "1,2";
			};
			name = Debug;
		};
		D7296FBC1F78C1EB00D545CF /* Release */ = {
			isa = XCBuildConfiguration;
			buildSettings = {
				ALWAYS_SEARCH_USER_PATHS = NO;
				CLANG_ANALYZER_NONNULL = YES;
				CLANG_ANALYZER_NUMBER_OBJECT_CONVERSION = YES_AGGRESSIVE;
				CLANG_CXX_LANGUAGE_STANDARD = "gnu++0x";
				CLANG_CXX_LIBRARY = "libc++";
				CLANG_ENABLE_MODULES = YES;
				CLANG_ENABLE_OBJC_ARC = YES;
				CLANG_WARN_BOOL_CONVERSION = YES;
				CLANG_WARN_CONSTANT_CONVERSION = YES;
				CLANG_WARN_DIRECT_OBJC_ISA_USAGE = YES_ERROR;
				CLANG_WARN_DOCUMENTATION_COMMENTS = YES;
				CLANG_WARN_EMPTY_BODY = YES;
				CLANG_WARN_ENUM_CONVERSION = YES;
				CLANG_WARN_INFINITE_RECURSION = YES;
				CLANG_WARN_INT_CONVERSION = YES;
				CLANG_WARN_OBJC_ROOT_CLASS = YES_ERROR;
				CLANG_WARN_SUSPICIOUS_MOVE = YES;
				CLANG_WARN_UNREACHABLE_CODE = YES;
				CLANG_WARN__DUPLICATE_METHOD_MATCH = YES;
				"CODE_SIGN_IDENTITY[sdk=iphoneos*]" = "iPhone Developer";
				COPY_PHASE_STRIP = NO;
				DEBUG_INFORMATION_FORMAT = "dwarf-with-dsym";
				ENABLE_NS_ASSERTIONS = NO;
				ENABLE_STRICT_OBJC_MSGSEND = YES;
				GCC_C_LANGUAGE_STANDARD = gnu99;
				GCC_NO_COMMON_BLOCKS = YES;
				GCC_WARN_64_TO_32_BIT_CONVERSION = YES;
				GCC_WARN_ABOUT_RETURN_TYPE = YES_ERROR;
				GCC_WARN_UNDECLARED_SELECTOR = YES;
				GCC_WARN_UNINITIALIZED_AUTOS = YES_AGGRESSIVE;
				GCC_WARN_UNUSED_FUNCTION = YES;
				GCC_WARN_UNUSED_VARIABLE = YES;
				IPHONEOS_DEPLOYMENT_TARGET = 10.3;
				MTL_ENABLE_DEBUG_INFO = NO;
				SDKROOT = iphoneos;
				SWIFT_OPTIMIZATION_LEVEL = "-Owholemodule";
				TARGETED_DEVICE_FAMILY = "1,2";
				VALIDATE_PRODUCT = YES;
			};
			name = Release;
		};
		D7296FBE1F78C1EB00D545CF /* Debug */ = {
			isa = XCBuildConfiguration;
			buildSettings = {
				ASSETCATALOG_COMPILER_APPICON_NAME = AppIcon;
				INFOPLIST_FILE = "badgeup-ios-client/Info.plist";
				LD_RUNPATH_SEARCH_PATHS = "$(inherited) @executable_path/Frameworks";
				PRODUCT_BUNDLE_IDENTIFIER = "com.mark.api.badgeup-ios-client";
				PRODUCT_NAME = "$(TARGET_NAME)";
				SWIFT_VERSION = 3.0;
			};
			name = Debug;
		};
		D7296FBF1F78C1EB00D545CF /* Release */ = {
			isa = XCBuildConfiguration;
			buildSettings = {
				ASSETCATALOG_COMPILER_APPICON_NAME = AppIcon;
				INFOPLIST_FILE = "badgeup-ios-client/Info.plist";
				LD_RUNPATH_SEARCH_PATHS = "$(inherited) @executable_path/Frameworks";
				PRODUCT_BUNDLE_IDENTIFIER = "com.mark.api.badgeup-ios-client";
				PRODUCT_NAME = "$(TARGET_NAME)";
				SWIFT_VERSION = 3.0;
			};
			name = Release;
		};
		D7296FC11F78C1EB00D545CF /* Debug */ = {
			isa = XCBuildConfiguration;
			buildSettings = {
				ALWAYS_EMBED_SWIFT_STANDARD_LIBRARIES = YES;
				BUNDLE_LOADER = "$(TEST_HOST)";
				INFOPLIST_FILE = "badgeup-ios-clientTests/Info.plist";
				LD_RUNPATH_SEARCH_PATHS = "$(inherited) @executable_path/Frameworks @loader_path/Frameworks";
				PRODUCT_BUNDLE_IDENTIFIER = "com.mark.api.badgeup-ios-clientTests";
				PRODUCT_NAME = "$(TARGET_NAME)";
				SWIFT_VERSION = 3.0;
				TEST_HOST = "$(BUILT_PRODUCTS_DIR)/badgeup-ios-client.app/badgeup-ios-client";
			};
			name = Debug;
		};
		D7296FC21F78C1EB00D545CF /* Release */ = {
			isa = XCBuildConfiguration;
			buildSettings = {
				ALWAYS_EMBED_SWIFT_STANDARD_LIBRARIES = YES;
				BUNDLE_LOADER = "$(TEST_HOST)";
				INFOPLIST_FILE = "badgeup-ios-clientTests/Info.plist";
				LD_RUNPATH_SEARCH_PATHS = "$(inherited) @executable_path/Frameworks @loader_path/Frameworks";
				PRODUCT_BUNDLE_IDENTIFIER = "com.mark.api.badgeup-ios-clientTests";
				PRODUCT_NAME = "$(TARGET_NAME)";
				SWIFT_VERSION = 3.0;
				TEST_HOST = "$(BUILT_PRODUCTS_DIR)/badgeup-ios-client.app/badgeup-ios-client";
			};
			name = Release;
		};
		D7296FC41F78C1EB00D545CF /* Debug */ = {
			isa = XCBuildConfiguration;
			buildSettings = {
				ALWAYS_EMBED_SWIFT_STANDARD_LIBRARIES = YES;
				INFOPLIST_FILE = "badgeup-ios-clientUITests/Info.plist";
				LD_RUNPATH_SEARCH_PATHS = "$(inherited) @executable_path/Frameworks @loader_path/Frameworks";
				PRODUCT_BUNDLE_IDENTIFIER = "com.mark.api.badgeup-ios-clientUITests";
				PRODUCT_NAME = "$(TARGET_NAME)";
				SWIFT_VERSION = 3.0;
				TEST_TARGET_NAME = "badgeup-ios-client";
			};
			name = Debug;
		};
		D7296FC51F78C1EB00D545CF /* Release */ = {
			isa = XCBuildConfiguration;
			buildSettings = {
				ALWAYS_EMBED_SWIFT_STANDARD_LIBRARIES = YES;
				INFOPLIST_FILE = "badgeup-ios-clientUITests/Info.plist";
				LD_RUNPATH_SEARCH_PATHS = "$(inherited) @executable_path/Frameworks @loader_path/Frameworks";
				PRODUCT_BUNDLE_IDENTIFIER = "com.mark.api.badgeup-ios-clientUITests";
				PRODUCT_NAME = "$(TARGET_NAME)";
				SWIFT_VERSION = 3.0;
				TEST_TARGET_NAME = "badgeup-ios-client";
			};
			name = Release;
		};
/* End XCBuildConfiguration section */

/* Begin XCConfigurationList section */
		D7296F901F78C1EB00D545CF /* Build configuration list for PBXProject "badgeup-ios-client" */ = {
			isa = XCConfigurationList;
			buildConfigurations = (
				D7296FBB1F78C1EB00D545CF /* Debug */,
				D7296FBC1F78C1EB00D545CF /* Release */,
			);
			defaultConfigurationIsVisible = 0;
			defaultConfigurationName = Release;
		};
		D7296FBD1F78C1EB00D545CF /* Build configuration list for PBXNativeTarget "badgeup-ios-client" */ = {
			isa = XCConfigurationList;
			buildConfigurations = (
				D7296FBE1F78C1EB00D545CF /* Debug */,
				D7296FBF1F78C1EB00D545CF /* Release */,
			);
			defaultConfigurationIsVisible = 0;
		};
		D7296FC01F78C1EB00D545CF /* Build configuration list for PBXNativeTarget "badgeup-ios-clientTests" */ = {
			isa = XCConfigurationList;
			buildConfigurations = (
				D7296FC11F78C1EB00D545CF /* Debug */,
				D7296FC21F78C1EB00D545CF /* Release */,
			);
			defaultConfigurationIsVisible = 0;
		};
		D7296FC31F78C1EB00D545CF /* Build configuration list for PBXNativeTarget "badgeup-ios-clientUITests" */ = {
			isa = XCConfigurationList;
			buildConfigurations = (
				D7296FC41F78C1EB00D545CF /* Debug */,
				D7296FC51F78C1EB00D545CF /* Release */,
			);
			defaultConfigurationIsVisible = 0;
		};
/* End XCConfigurationList section */
	};
	rootObject = D7296F8D1F78C1EB00D545CF /* Project object */;
}
